// !$*UTF8*$!
{
	archiveVersion = 1;
	classes = {
	};
	objectVersion = 56;
	objects = {

/* Begin PBXBuildFile section */
		F9D58EEA2CD3E14C0006BCF2 /* App995App.swift in Sources */ = {isa = PBXBuildFile; fileRef = F9D58EE92CD3E14C0006BCF2 /* App995App.swift */; };
		F9D58EEC2CD3E14C0006BCF2 /* ContentView.swift in Sources */ = {isa = PBXBuildFile; fileRef = F9D58EEB2CD3E14C0006BCF2 /* ContentView.swift */; };
		F9D58EEE2CD3E14D0006BCF2 /* Assets.xcassets in Resources */ = {isa = PBXBuildFile; fileRef = F9D58EED2CD3E14D0006BCF2 /* Assets.xcassets */; };
		F9D58EF12CD3E14D0006BCF2 /* Preview Assets.xcassets in Resources */ = {isa = PBXBuildFile; fileRef = F9D58EF02CD3E14D0006BCF2 /* Preview Assets.xcassets */; };
		F9D58EF82CD3E24E0006BCF2 /* Launch Screen.storyboard in Resources */ = {isa = PBXBuildFile; fileRef = F9D58EF72CD3E24E0006BCF2 /* Launch Screen.storyboard */; };
		F9DE09572CD3E2B000A56C95 /* LoadingView.swift in Sources */ = {isa = PBXBuildFile; fileRef = F9DE09562CD3E2B000A56C95 /* LoadingView.swift */; };
		F9DE095D2CD3E2DD00A56C95 /* Users_1.swift in Sources */ = {isa = PBXBuildFile; fileRef = F9DE095C2CD3E2DD00A56C95 /* Users_1.swift */; };
		F9DE095F2CD3E2E100A56C95 /* Users_2.swift in Sources */ = {isa = PBXBuildFile; fileRef = F9DE095E2CD3E2E100A56C95 /* Users_2.swift */; };
		F9DE09612CD3E2E400A56C95 /* Users_3.swift in Sources */ = {isa = PBXBuildFile; fileRef = F9DE09602CD3E2E400A56C95 /* Users_3.swift */; };
		F9DE09632CD3E2E800A56C95 /* Reviewers_1.swift in Sources */ = {isa = PBXBuildFile; fileRef = F9DE09622CD3E2E800A56C95 /* Reviewers_1.swift */; };
		F9DE09652CD3E2EC00A56C95 /* Reviewers_2.swift in Sources */ = {isa = PBXBuildFile; fileRef = F9DE09642CD3E2EC00A56C95 /* Reviewers_2.swift */; };
		F9DE09672CD3E2EF00A56C95 /* Reviewers_3.swift in Sources */ = {isa = PBXBuildFile; fileRef = F9DE09662CD3E2EF00A56C95 /* Reviewers_3.swift */; };
		F9DE09692CD3E43500A56C95 /* df.swift in Sources */ = {isa = PBXBuildFile; fileRef = F9DE09682CD3E43500A56C95 /* df.swift */; };
		F9DE096B2CD3E43800A56C95 /* sd.swift in Sources */ = {isa = PBXBuildFile; fileRef = F9DE096A2CD3E43800A56C95 /* sd.swift */; };
		F9DE096D2CD3E43B00A56C95 /* wd.swift in Sources */ = {isa = PBXBuildFile; fileRef = F9DE096C2CD3E43B00A56C95 /* wd.swift */; };
/* End PBXBuildFile section */

/* Begin PBXFileReference section */
		F9D58EE62CD3E14C0006BCF2 /* App995.app */ = {isa = PBXFileReference; explicitFileType = wrapper.application; includeInIndex = 0; path = App995.app; sourceTree = BUILT_PRODUCTS_DIR; };
		F9D58EE92CD3E14C0006BCF2 /* App995App.swift */ = {isa = PBXFileReference; lastKnownFileType = sourcecode.swift; path = App995App.swift; sourceTree = "<group>"; };
		F9D58EEB2CD3E14C0006BCF2 /* ContentView.swift */ = {isa = PBXFileReference; lastKnownFileType = sourcecode.swift; path = ContentView.swift; sourceTree = "<group>"; };
		F9D58EED2CD3E14D0006BCF2 /* Assets.xcassets */ = {isa = PBXFileReference; lastKnownFileType = folder.assetcatalog; path = Assets.xcassets; sourceTree = "<group>"; };
		F9D58EF02CD3E14D0006BCF2 /* Preview Assets.xcassets */ = {isa = PBXFileReference; lastKnownFileType = folder.assetcatalog; path = "Preview Assets.xcassets"; sourceTree = "<group>"; };
		F9D58EF72CD3E24E0006BCF2 /* Launch Screen.storyboard */ = {isa = PBXFileReference; lastKnownFileType = file.storyboard; path = "Launch Screen.storyboard"; sourceTree = "<group>"; };
		F9DE09562CD3E2B000A56C95 /* LoadingView.swift */ = {isa = PBXFileReference; lastKnownFileType = sourcecode.swift; path = LoadingView.swift; sourceTree = "<group>"; };
		F9DE095C2CD3E2DD00A56C95 /* Users_1.swift */ = {isa = PBXFileReference; lastKnownFileType = sourcecode.swift; path = Users_1.swift; sourceTree = "<group>"; };
		F9DE095E2CD3E2E100A56C95 /* Users_2.swift */ = {isa = PBXFileReference; lastKnownFileType = sourcecode.swift; path = Users_2.swift; sourceTree = "<group>"; };
		F9DE09602CD3E2E400A56C95 /* Users_3.swift */ = {isa = PBXFileReference; lastKnownFileType = sourcecode.swift; path = Users_3.swift; sourceTree = "<group>"; };
		F9DE09622CD3E2E800A56C95 /* Reviewers_1.swift */ = {isa = PBXFileReference; lastKnownFileType = sourcecode.swift; path = Reviewers_1.swift; sourceTree = "<group>"; };
		F9DE09642CD3E2EC00A56C95 /* Reviewers_2.swift */ = {isa = PBXFileReference; lastKnownFileType = sourcecode.swift; path = Reviewers_2.swift; sourceTree = "<group>"; };
		F9DE09662CD3E2EF00A56C95 /* Reviewers_3.swift */ = {isa = PBXFileReference; lastKnownFileType = sourcecode.swift; path = Reviewers_3.swift; sourceTree = "<group>"; };
		F9DE09682CD3E43500A56C95 /* df.swift */ = {isa = PBXFileReference; lastKnownFileType = sourcecode.swift; path = df.swift; sourceTree = "<group>"; };
		F9DE096A2CD3E43800A56C95 /* sd.swift */ = {isa = PBXFileReference; lastKnownFileType = sourcecode.swift; path = sd.swift; sourceTree = "<group>"; };
		F9DE096C2CD3E43B00A56C95 /* wd.swift */ = {isa = PBXFileReference; lastKnownFileType = sourcecode.swift; path = wd.swift; sourceTree = "<group>"; };
/* End PBXFileReference section */

/* Begin PBXFrameworksBuildPhase section */
		F9D58EE32CD3E14C0006BCF2 /* Frameworks */ = {
			isa = PBXFrameworksBuildPhase;
			buildActionMask = 2147483647;
			files = (
			);
			runOnlyForDeploymentPostprocessing = 0;
		};
/* End PBXFrameworksBuildPhase section */

/* Begin PBXGroup section */
		F9D58EDD2CD3E14C0006BCF2 = {
			isa = PBXGroup;
			children = (
				F9D58EE82CD3E14C0006BCF2 /* App995 */,
				F9D58EE72CD3E14C0006BCF2 /* Products */,
			);
			sourceTree = "<group>";
		};
		F9D58EE72CD3E14C0006BCF2 /* Products */ = {
			isa = PBXGroup;
			children = (
				F9D58EE62CD3E14C0006BCF2 /* App995.app */,
			);
			name = Products;
			sourceTree = "<group>";
		};
		F9D58EE82CD3E14C0006BCF2 /* App995 */ = {
			isa = PBXGroup;
			children = (
				F9D58EE92CD3E14C0006BCF2 /* App995App.swift */,
				F9D58EEB2CD3E14C0006BCF2 /* ContentView.swift */,
				F9DE09552CD3E2AA00A56C95 /* Project */,
				F9D58EF72CD3E24E0006BCF2 /* Launch Screen.storyboard */,
				F9D58EED2CD3E14D0006BCF2 /* Assets.xcassets */,
				F9D58EEF2CD3E14D0006BCF2 /* Preview Content */,
			);
			path = App995;
			sourceTree = "<group>";
		};
		F9D58EEF2CD3E14D0006BCF2 /* Preview Content */ = {
			isa = PBXGroup;
			children = (
				F9D58EF02CD3E14D0006BCF2 /* Preview Assets.xcassets */,
			);
			path = "Preview Content";
			sourceTree = "<group>";
		};
		F9DE09552CD3E2AA00A56C95 /* Project */ = {
			isa = PBXGroup;
			children = (
				F9DE09592CD3E2B500A56C95 /* Extensions */,
				F9DE09562CD3E2B000A56C95 /* LoadingView.swift */,
				F9DE09582CD3E2B200A56C95 /* Splash */,
			);
			path = Project;
			sourceTree = "<group>";
		};
		F9DE09582CD3E2B200A56C95 /* Splash */ = {
			isa = PBXGroup;
			children = (
				F9DE095B2CD3E2BC00A56C95 /* Users */,
				F9DE095A2CD3E2B800A56C95 /* Reviewers */,
			);
			path = Splash;
			sourceTree = "<group>";
		};
		F9DE09592CD3E2B500A56C95 /* Extensions */ = {
			isa = PBXGroup;
			children = (
				F9DE09682CD3E43500A56C95 /* df.swift */,
				F9DE096A2CD3E43800A56C95 /* sd.swift */,
				F9DE096C2CD3E43B00A56C95 /* wd.swift */,
			);
			path = Extensions;
			sourceTree = "<group>";
		};
		F9DE095A2CD3E2B800A56C95 /* Reviewers */ = {
			isa = PBXGroup;
			children = (
				F9DE09622CD3E2E800A56C95 /* Reviewers_1.swift */,
				F9DE09642CD3E2EC00A56C95 /* Reviewers_2.swift */,
				F9DE09662CD3E2EF00A56C95 /* Reviewers_3.swift */,
			);
			path = Reviewers;
			sourceTree = "<group>";
		};
		F9DE095B2CD3E2BC00A56C95 /* Users */ = {
			isa = PBXGroup;
			children = (
				F9DE095C2CD3E2DD00A56C95 /* Users_1.swift */,
				F9DE095E2CD3E2E100A56C95 /* Users_2.swift */,
				F9DE09602CD3E2E400A56C95 /* Users_3.swift */,
			);
			path = Users;
			sourceTree = "<group>";
		};
/* End PBXGroup section */

/* Begin PBXNativeTarget section */
		F9D58EE52CD3E14C0006BCF2 /* App995 */ = {
			isa = PBXNativeTarget;
			buildConfigurationList = F9D58EF42CD3E14D0006BCF2 /* Build configuration list for PBXNativeTarget "App995" */;
			buildPhases = (
				F9D58EE22CD3E14C0006BCF2 /* Sources */,
				F9D58EE32CD3E14C0006BCF2 /* Frameworks */,
				F9D58EE42CD3E14C0006BCF2 /* Resources */,
			);
			buildRules = (
			);
			dependencies = (
			);
			name = App995;
			productName = App995;
			productReference = F9D58EE62CD3E14C0006BCF2 /* App995.app */;
			productType = "com.apple.product-type.application";
		};
/* End PBXNativeTarget section */

/* Begin PBXProject section */
		F9D58EDE2CD3E14C0006BCF2 /* Project object */ = {
			isa = PBXProject;
			attributes = {
				BuildIndependentTargetsInParallel = 1;
				LastSwiftUpdateCheck = 1540;
				LastUpgradeCheck = 1540;
				TargetAttributes = {
					F9D58EE52CD3E14C0006BCF2 = {
						CreatedOnToolsVersion = 15.4;
					};
				};
			};
			buildConfigurationList = F9D58EE12CD3E14C0006BCF2 /* Build configuration list for PBXProject "App995" */;
			compatibilityVersion = "Xcode 14.0";
			developmentRegion = en;
			hasScannedForEncodings = 0;
			knownRegions = (
				en,
				Base,
			);
			mainGroup = F9D58EDD2CD3E14C0006BCF2;
			productRefGroup = F9D58EE72CD3E14C0006BCF2 /* Products */;
			projectDirPath = "";
			projectRoot = "";
			targets = (
				F9D58EE52CD3E14C0006BCF2 /* App995 */,
			);
		};
/* End PBXProject section */

/* Begin PBXResourcesBuildPhase section */
		F9D58EE42CD3E14C0006BCF2 /* Resources */ = {
			isa = PBXResourcesBuildPhase;
			buildActionMask = 2147483647;
			files = (
				F9D58EF82CD3E24E0006BCF2 /* Launch Screen.storyboard in Resources */,
				F9D58EF12CD3E14D0006BCF2 /* Preview Assets.xcassets in Resources */,
				F9D58EEE2CD3E14D0006BCF2 /* Assets.xcassets in Resources */,
			);
			runOnlyForDeploymentPostprocessing = 0;
		};
/* End PBXResourcesBuildPhase section */

/* Begin PBXSourcesBuildPhase section */
		F9D58EE22CD3E14C0006BCF2 /* Sources */ = {
			isa = PBXSourcesBuildPhase;
			buildActionMask = 2147483647;
			files = (
				F9DE096B2CD3E43800A56C95 /* sd.swift in Sources */,
				F9DE09612CD3E2E400A56C95 /* Users_3.swift in Sources */,
				F9DE09652CD3E2EC00A56C95 /* Reviewers_2.swift in Sources */,
				F9DE095F2CD3E2E100A56C95 /* Users_2.swift in Sources */,
				F9D58EEC2CD3E14C0006BCF2 /* ContentView.swift in Sources */,
				F9DE09632CD3E2E800A56C95 /* Reviewers_1.swift in Sources */,
				F9D58EEA2CD3E14C0006BCF2 /* App995App.swift in Sources */,
				F9DE095D2CD3E2DD00A56C95 /* Users_1.swift in Sources */,
				F9DE09692CD3E43500A56C95 /* df.swift in Sources */,
				F9DE09572CD3E2B000A56C95 /* LoadingView.swift in Sources */,
				F9DE096D2CD3E43B00A56C95 /* wd.swift in Sources */,
				F9DE09672CD3E2EF00A56C95 /* Reviewers_3.swift in Sources */,
			);
			runOnlyForDeploymentPostprocessing = 0;
		};
/* End PBXSourcesBuildPhase section */

/* Begin XCBuildConfiguration section */
		F9D58EF22CD3E14D0006BCF2 /* Debug */ = {
			isa = XCBuildConfiguration;
			buildSettings = {
				ALWAYS_SEARCH_USER_PATHS = NO;
				ASSETCATALOG_COMPILER_GENERATE_SWIFT_ASSET_SYMBOL_EXTENSIONS = YES;
				CLANG_ANALYZER_NONNULL = YES;
				CLANG_ANALYZER_NUMBER_OBJECT_CONVERSION = YES_AGGRESSIVE;
				CLANG_CXX_LANGUAGE_STANDARD = "gnu++20";
				CLANG_ENABLE_MODULES = YES;
				CLANG_ENABLE_OBJC_ARC = YES;
				CLANG_ENABLE_OBJC_WEAK = YES;
				CLANG_WARN_BLOCK_CAPTURE_AUTORELEASING = YES;
				CLANG_WARN_BOOL_CONVERSION = YES;
				CLANG_WARN_COMMA = YES;
				CLANG_WARN_CONSTANT_CONVERSION = YES;
				CLANG_WARN_DEPRECATED_OBJC_IMPLEMENTATIONS = YES;
				CLANG_WARN_DIRECT_OBJC_ISA_USAGE = YES_ERROR;
				CLANG_WARN_DOCUMENTATION_COMMENTS = YES;
				CLANG_WARN_EMPTY_BODY = YES;
				CLANG_WARN_ENUM_CONVERSION = YES;
				CLANG_WARN_INFINITE_RECURSION = YES;
				CLANG_WARN_INT_CONVERSION = YES;
				CLANG_WARN_NON_LITERAL_NULL_CONVERSION = YES;
				CLANG_WARN_OBJC_IMPLICIT_RETAIN_SELF = YES;
				CLANG_WARN_OBJC_LITERAL_CONVERSION = YES;
				CLANG_WARN_OBJC_ROOT_CLASS = YES_ERROR;
				CLANG_WARN_QUOTED_INCLUDE_IN_FRAMEWORK_HEADER = YES;
				CLANG_WARN_RANGE_LOOP_ANALYSIS = YES;
				CLANG_WARN_STRICT_PROTOTYPES = YES;
				CLANG_WARN_SUSPICIOUS_MOVE = YES;
				CLANG_WARN_UNGUARDED_AVAILABILITY = YES_AGGRESSIVE;
				CLANG_WARN_UNREACHABLE_CODE = YES;
				CLANG_WARN__DUPLICATE_METHOD_MATCH = YES;
				COPY_PHASE_STRIP = NO;
				DEBUG_INFORMATION_FORMAT = dwarf;
				ENABLE_STRICT_OBJC_MSGSEND = YES;
				ENABLE_TESTABILITY = YES;
				ENABLE_USER_SCRIPT_SANDBOXING = YES;
				GCC_C_LANGUAGE_STANDARD = gnu17;
				GCC_DYNAMIC_NO_PIC = NO;
				GCC_NO_COMMON_BLOCKS = YES;
				GCC_OPTIMIZATION_LEVEL = 0;
				GCC_PREPROCESSOR_DEFINITIONS = (
					"DEBUG=1",
					"$(inherited)",
				);
				GCC_WARN_64_TO_32_BIT_CONVERSION = YES;
				GCC_WARN_ABOUT_RETURN_TYPE = YES_ERROR;
				GCC_WARN_UNDECLARED_SELECTOR = YES;
				GCC_WARN_UNINITIALIZED_AUTOS = YES_AGGRESSIVE;
				GCC_WARN_UNUSED_FUNCTION = YES;
				GCC_WARN_UNUSED_VARIABLE = YES;
				IPHONEOS_DEPLOYMENT_TARGET = 14.0;
				LOCALIZATION_PREFERS_STRING_CATALOGS = YES;
				MTL_ENABLE_DEBUG_INFO = INCLUDE_SOURCE;
				MTL_FAST_MATH = YES;
				ONLY_ACTIVE_ARCH = YES;
				SDKROOT = iphoneos;
				SWIFT_ACTIVE_COMPILATION_CONDITIONS = "DEBUG $(inherited)";
				SWIFT_OPTIMIZATION_LEVEL = "-Onone";
			};
			name = Debug;
		};
		F9D58EF32CD3E14D0006BCF2 /* Release */ = {
			isa = XCBuildConfiguration;
			buildSettings = {
				ALWAYS_SEARCH_USER_PATHS = NO;
				ASSETCATALOG_COMPILER_GENERATE_SWIFT_ASSET_SYMBOL_EXTENSIONS = YES;
				CLANG_ANALYZER_NONNULL = YES;
				CLANG_ANALYZER_NUMBER_OBJECT_CONVERSION = YES_AGGRESSIVE;
				CLANG_CXX_LANGUAGE_STANDARD = "gnu++20";
				CLANG_ENABLE_MODULES = YES;
				CLANG_ENABLE_OBJC_ARC = YES;
				CLANG_ENABLE_OBJC_WEAK = YES;
				CLANG_WARN_BLOCK_CAPTURE_AUTORELEASING = YES;
				CLANG_WARN_BOOL_CONVERSION = YES;
				CLANG_WARN_COMMA = YES;
				CLANG_WARN_CONSTANT_CONVERSION = YES;
				CLANG_WARN_DEPRECATED_OBJC_IMPLEMENTATIONS = YES;
				CLANG_WARN_DIRECT_OBJC_ISA_USAGE = YES_ERROR;
				CLANG_WARN_DOCUMENTATION_COMMENTS = YES;
				CLANG_WARN_EMPTY_BODY = YES;
				CLANG_WARN_ENUM_CONVERSION = YES;
				CLANG_WARN_INFINITE_RECURSION = YES;
				CLANG_WARN_INT_CONVERSION = YES;
				CLANG_WARN_NON_LITERAL_NULL_CONVERSION = YES;
				CLANG_WARN_OBJC_IMPLICIT_RETAIN_SELF = YES;
				CLANG_WARN_OBJC_LITERAL_CONVERSION = YES;
				CLANG_WARN_OBJC_ROOT_CLASS = YES_ERROR;
				CLANG_WARN_QUOTED_INCLUDE_IN_FRAMEWORK_HEADER = YES;
				CLANG_WARN_RANGE_LOOP_ANALYSIS = YES;
				CLANG_WARN_STRICT_PROTOTYPES = YES;
				CLANG_WARN_SUSPICIOUS_MOVE = YES;
				CLANG_WARN_UNGUARDED_AVAILABILITY = YES_AGGRESSIVE;
				CLANG_WARN_UNREACHABLE_CODE = YES;
				CLANG_WARN__DUPLICATE_METHOD_MATCH = YES;
				COPY_PHASE_STRIP = NO;
				DEBUG_INFORMATION_FORMAT = "dwarf-with-dsym";
				ENABLE_NS_ASSERTIONS = NO;
				ENABLE_STRICT_OBJC_MSGSEND = YES;
				ENABLE_USER_SCRIPT_SANDBOXING = YES;
				GCC_C_LANGUAGE_STANDARD = gnu17;
				GCC_NO_COMMON_BLOCKS = YES;
				GCC_WARN_64_TO_32_BIT_CONVERSION = YES;
				GCC_WARN_ABOUT_RETURN_TYPE = YES_ERROR;
				GCC_WARN_UNDECLARED_SELECTOR = YES;
				GCC_WARN_UNINITIALIZED_AUTOS = YES_AGGRESSIVE;
				GCC_WARN_UNUSED_FUNCTION = YES;
				GCC_WARN_UNUSED_VARIABLE = YES;
				IPHONEOS_DEPLOYMENT_TARGET = 14.0;
				LOCALIZATION_PREFERS_STRING_CATALOGS = YES;
				MTL_ENABLE_DEBUG_INFO = NO;
				MTL_FAST_MATH = YES;
				SDKROOT = iphoneos;
				SWIFT_COMPILATION_MODE = wholemodule;
				VALIDATE_PRODUCT = YES;
			};
			name = Release;
		};
		F9D58EF52CD3E14D0006BCF2 /* Debug */ = {
			isa = XCBuildConfiguration;
			buildSettings = {
				ASSETCATALOG_COMPILER_APPICON_NAME = AppIcon;
				ASSETCATALOG_COMPILER_GLOBAL_ACCENT_COLOR_NAME = AccentColor;
				CODE_SIGN_STYLE = Automatic;
				CURRENT_PROJECT_VERSION = 2;
				DEVELOPMENT_ASSET_PATHS = "\"App995/Preview Content\"";
				ENABLE_PREVIEWS = YES;
				GENERATE_INFOPLIST_FILE = YES;
				INFOPLIST_KEY_CFBundleDisplayName = "Saver Discount";
				INFOPLIST_KEY_UIApplicationSceneManifest_Generation = YES;
				INFOPLIST_KEY_UIApplicationSupportsIndirectInputEvents = YES;
				INFOPLIST_KEY_UILaunchScreen_Generation = YES;
				INFOPLIST_KEY_UILaunchStoryboardName = "Launch Screen.storyboard";
				INFOPLIST_KEY_UISupportedInterfaceOrientations = UIInterfaceOrientationPortrait;
				INFOPLIST_KEY_UISupportedInterfaceOrientations_iPad = "UIInterfaceOrientationLandscapeLeft UIInterfaceOrientationLandscapeRight UIInterfaceOrientationPortrait UIInterfaceOrientationPortraitUpsideDown";
				LD_RUNPATH_SEARCH_PATHS = (
					"$(inherited)",
					"@executable_path/Frameworks",
				);
				MARKETING_VERSION = 1.0;
				PRODUCT_BUNDLE_IDENTIFIER = app.App995;
				PRODUCT_NAME = "$(TARGET_NAME)";
				SUPPORTED_PLATFORMS = "iphoneos iphonesimulator";
				SUPPORTS_MACCATALYST = NO;
				SUPPORTS_MAC_DESIGNED_FOR_IPHONE_IPAD = NO;
				SUPPORTS_XR_DESIGNED_FOR_IPHONE_IPAD = NO;
				SWIFT_EMIT_LOC_STRINGS = YES;
				SWIFT_VERSION = 5.0;
				TARGETED_DEVICE_FAMILY = 1;
			};
			name = Debug;
		};
		F9D58EF62CD3E14D0006BCF2 /* Release */ = {
			isa = XCBuildConfiguration;
			buildSettings = {
				ASSETCATALOG_COMPILER_APPICON_NAME = AppIcon;
				ASSETCATALOG_COMPILER_GLOBAL_ACCENT_COLOR_NAME = AccentColor;
				CODE_SIGN_STYLE = Automatic;
				CURRENT_PROJECT_VERSION = 2;
				DEVELOPMENT_ASSET_PATHS = "\"App995/Preview Content\"";
				ENABLE_PREVIEWS = YES;
				GENERATE_INFOPLIST_FILE = YES;
				INFOPLIST_KEY_CFBundleDisplayName = "Saver Discount";
				INFOPLIST_KEY_UIApplicationSceneManifest_Generation = YES;
				INFOPLIST_KEY_UIApplicationSupportsIndirectInputEvents = YES;
				INFOPLIST_KEY_UILaunchScreen_Generation = YES;
				INFOPLIST_KEY_UILaunchStoryboardName = "Launch Screen.storyboard";
				INFOPLIST_KEY_UISupportedInterfaceOrientations = UIInterfaceOrientationPortrait;
				INFOPLIST_KEY_UISupportedInterfaceOrientations_iPad = "UIInterfaceOrientationLandscapeLeft UIInterfaceOrientationLandscapeRight UIInterfaceOrientationPortrait UIInterfaceOrientationPortraitUpsideDown";
				LD_RUNPATH_SEARCH_PATHS = (
					"$(inherited)",
					"@executable_path/Frameworks",
				);
				MARKETING_VERSION = 1.0;
				PRODUCT_BUNDLE_IDENTIFIER = app.App995;
				PRODUCT_NAME = "$(TARGET_NAME)";
				SUPPORTED_PLATFORMS = "iphoneos iphonesimulator";
				SUPPORTS_MACCATALYST = NO;
				SUPPORTS_MAC_DESIGNED_FOR_IPHONE_IPAD = NO;
				SUPPORTS_XR_DESIGNED_FOR_IPHONE_IPAD = NO;
				SWIFT_EMIT_LOC_STRINGS = YES;
				SWIFT_VERSION = 5.0;
				TARGETED_DEVICE_FAMILY = 1;
			};
			name = Release;
		};
/* End XCBuildConfiguration section */

/* Begin XCConfigurationList section */
		F9D58EE12CD3E14C0006BCF2 /* Build configuration list for PBXProject "App995" */ = {
			isa = XCConfigurationList;
			buildConfigurations = (
				F9D58EF22CD3E14D0006BCF2 /* Debug */,
				F9D58EF32CD3E14D0006BCF2 /* Release */,
			);
			defaultConfigurationIsVisible = 0;
			defaultConfigurationName = Release;
		};
		F9D58EF42CD3E14D0006BCF2 /* Build configuration list for PBXNativeTarget "App995" */ = {
			isa = XCConfigurationList;
			buildConfigurations = (
				F9D58EF52CD3E14D0006BCF2 /* Debug */,
				F9D58EF62CD3E14D0006BCF2 /* Release */,
			);
			defaultConfigurationIsVisible = 0;
			defaultConfigurationName = Release;
		};
/* End XCConfigurationList section */
	};
	rootObject = F9D58EDE2CD3E14C0006BCF2 /* Project object */;
}
